// !$*UTF8*$!
{
	archiveVersion = 1;
	classes = {
	};
	objectVersion = 56;
	objects = {

/* Begin PBXBuildFile section */
		B02734CC298F93CC00BF07E4 /* Book.swift in Sources */ = {isa = PBXBuildFile; fileRef = B02734CB298F93CB00BF07E4 /* Book.swift */; };
		B02734D3298F980C00BF07E4 /* CategoriesAPIService.swift in Sources */ = {isa = PBXBuildFile; fileRef = B02734D2298F980C00BF07E4 /* CategoriesAPIService.swift */; };
		B02734D5298F99C200BF07E4 /* APIConstants.swift in Sources */ = {isa = PBXBuildFile; fileRef = B02734D4298F99C200BF07E4 /* APIConstants.swift */; };
		B02734D7298FAD3600BF07E4 /* BooksAPIService.swift in Sources */ = {isa = PBXBuildFile; fileRef = B02734D6298FAD3600BF07E4 /* BooksAPIService.swift */; };
		B02734DA298FB87400BF07E4 /* RxCocoa in Frameworks */ = {isa = PBXBuildFile; productRef = B02734D9298FB87400BF07E4 /* RxCocoa */; };
		B02734DC298FB87400BF07E4 /* RxSwift in Frameworks */ = {isa = PBXBuildFile; productRef = B02734DB298FB87400BF07E4 /* RxSwift */; };
		B02734DF298FB98500BF07E4 /* CategoriesViewModel.swift in Sources */ = {isa = PBXBuildFile; fileRef = B02734DE298FB98500BF07E4 /* CategoriesViewModel.swift */; };
		B02734E1298FC45200BF07E4 /* CategoriesTableViewController.swift in Sources */ = {isa = PBXBuildFile; fileRef = B02734E0298FC45200BF07E4 /* CategoriesTableViewController.swift */; };
		B02734E6298FCF9400BF07E4 /* CategoryTableViewCell.swift in Sources */ = {isa = PBXBuildFile; fileRef = B02734E5298FCF9400BF07E4 /* CategoryTableViewCell.swift */; };
		B061189229955BA600AB8CA4 /* Localizable.strings in Resources */ = {isa = PBXBuildFile; fileRef = B061189429955BA600AB8CA4 /* Localizable.strings */; };
		B061189829956EFC00AB8CA4 /* FontContstants.swift in Sources */ = {isa = PBXBuildFile; fileRef = B061189729956EFC00AB8CA4 /* FontContstants.swift */; };
		B073F96029924EBB00F4D533 /* BookToBuyViewController.swift in Sources */ = {isa = PBXBuildFile; fileRef = B073F95F29924EBB00F4D533 /* BookToBuyViewController.swift */; };
		B0AC06182993817D00979746 /* BookImageAPIService.swift in Sources */ = {isa = PBXBuildFile; fileRef = B0AC06172993817D00979746 /* BookImageAPIService.swift */; };
		B0AC061A2993838C00979746 /* BookImageRequestResult.swift in Sources */ = {isa = PBXBuildFile; fileRef = B0AC06192993838C00979746 /* BookImageRequestResult.swift */; };
		B0AC061C2993935F00979746 /* CategoriesRepository.swift in Sources */ = {isa = PBXBuildFile; fileRef = B0AC061B2993935F00979746 /* CategoriesRepository.swift */; };
		B0AC061E2993F9A800979746 /* BooksRepository.swift in Sources */ = {isa = PBXBuildFile; fileRef = B0AC061D2993F9A800979746 /* BooksRepository.swift */; };
		B0AC0621299502A500979746 /* NYTimesBooks.xcdatamodeld in Sources */ = {isa = PBXBuildFile; fileRef = B0AC061F299502A500979746 /* NYTimesBooks.xcdatamodeld */; };
		B0C8DFE129917DF3000BC306 /* UIViewController+showErrorAlert.swift in Sources */ = {isa = PBXBuildFile; fileRef = B0C8DFE029917DF3000BC306 /* UIViewController+showErrorAlert.swift */; };
		B0C8DFE529918463000BC306 /* BooksTableViewController.swift in Sources */ = {isa = PBXBuildFile; fileRef = B0C8DFE429918463000BC306 /* BooksTableViewController.swift */; };
		B0C8DFE7299185D6000BC306 /* BookTableViewCell.swift in Sources */ = {isa = PBXBuildFile; fileRef = B0C8DFE6299185D6000BC306 /* BookTableViewCell.swift */; };
		B0C8DFEA29919136000BC306 /* Kingfisher in Frameworks */ = {isa = PBXBuildFile; productRef = B0C8DFE929919136000BC306 /* Kingfisher */; };
		B0C8DFEC29919493000BC306 /* BooksViewModel.swift in Sources */ = {isa = PBXBuildFile; fileRef = B0C8DFEB29919493000BC306 /* BooksViewModel.swift */; };
		B0D0BA18298EC2EF00B20EA6 /* AppDelegate.swift in Sources */ = {isa = PBXBuildFile; fileRef = B0D0BA17298EC2EF00B20EA6 /* AppDelegate.swift */; };
		B0D0BA1A298EC2EF00B20EA6 /* SceneDelegate.swift in Sources */ = {isa = PBXBuildFile; fileRef = B0D0BA19298EC2EF00B20EA6 /* SceneDelegate.swift */; };
		B0D0BA24298EC2F100B20EA6 /* Assets.xcassets in Resources */ = {isa = PBXBuildFile; fileRef = B0D0BA23298EC2F100B20EA6 /* Assets.xcassets */; };
		B0D0BA27298EC2F100B20EA6 /* LaunchScreen.storyboard in Resources */ = {isa = PBXBuildFile; fileRef = B0D0BA25298EC2F100B20EA6 /* LaunchScreen.storyboard */; };
		B0D0BA2F298EC5E200B20EA6 /* CoreDataStack.swift in Sources */ = {isa = PBXBuildFile; fileRef = B0D0BA2E298EC5E200B20EA6 /* CoreDataStack.swift */; };
		B0D0BA31298EC83600B20EA6 /* APIManagerProtocol.swift in Sources */ = {isa = PBXBuildFile; fileRef = B0D0BA30298EC83600B20EA6 /* APIManagerProtocol.swift */; };
		B0D0BA34298EC96000B20EA6 /* Alamofire in Frameworks */ = {isa = PBXBuildFile; productRef = B0D0BA33298EC96000B20EA6 /* Alamofire */; };
		B0D0BA37298ECC1100B20EA6 /* AlamofireAPIManager.swift in Sources */ = {isa = PBXBuildFile; fileRef = B0D0BA36298ECC1100B20EA6 /* AlamofireAPIManager.swift */; };
		B0D0BA3B298ED8EF00B20EA6 /* CategoryRequestResult.swift in Sources */ = {isa = PBXBuildFile; fileRef = B0D0BA3A298ED8EF00B20EA6 /* CategoryRequestResult.swift */; };
		B0D0BA3E298EDAC900B20EA6 /* Category.swift in Sources */ = {isa = PBXBuildFile; fileRef = B0D0BA3D298EDAC900B20EA6 /* Category.swift */; };
		B0D0BA40298EE1F800B20EA6 /* BookRequestResult.swift in Sources */ = {isa = PBXBuildFile; fileRef = B0D0BA3F298EE1F800B20EA6 /* BookRequestResult.swift */; };
/* End PBXBuildFile section */

/* Begin PBXFileReference section */
		B02734CB298F93CB00BF07E4 /* Book.swift */ = {isa = PBXFileReference; lastKnownFileType = sourcecode.swift; path = Book.swift; sourceTree = "<group>"; };
		B02734D2298F980C00BF07E4 /* CategoriesAPIService.swift */ = {isa = PBXFileReference; lastKnownFileType = sourcecode.swift; path = CategoriesAPIService.swift; sourceTree = "<group>"; };
		B02734D4298F99C200BF07E4 /* APIConstants.swift */ = {isa = PBXFileReference; lastKnownFileType = sourcecode.swift; path = APIConstants.swift; sourceTree = "<group>"; };
		B02734D6298FAD3600BF07E4 /* BooksAPIService.swift */ = {isa = PBXFileReference; lastKnownFileType = sourcecode.swift; path = BooksAPIService.swift; sourceTree = "<group>"; };
		B02734DE298FB98500BF07E4 /* CategoriesViewModel.swift */ = {isa = PBXFileReference; lastKnownFileType = sourcecode.swift; path = CategoriesViewModel.swift; sourceTree = "<group>"; };
		B02734E0298FC45200BF07E4 /* CategoriesTableViewController.swift */ = {isa = PBXFileReference; lastKnownFileType = sourcecode.swift; path = CategoriesTableViewController.swift; sourceTree = "<group>"; };
		B02734E5298FCF9400BF07E4 /* CategoryTableViewCell.swift */ = {isa = PBXFileReference; lastKnownFileType = sourcecode.swift; path = CategoryTableViewCell.swift; sourceTree = "<group>"; };
		B061188F2995470400AB8CA4 /* uk */ = {isa = PBXFileReference; lastKnownFileType = text.plist.strings; name = uk; path = uk.lproj/LaunchScreen.strings; sourceTree = "<group>"; };
		B061189329955BA600AB8CA4 /* en */ = {isa = PBXFileReference; lastKnownFileType = text.plist.strings; name = en; path = en.lproj/Localizable.strings; sourceTree = "<group>"; };
		B061189529955BA900AB8CA4 /* uk */ = {isa = PBXFileReference; lastKnownFileType = text.plist.strings; name = uk; path = uk.lproj/Localizable.strings; sourceTree = "<group>"; };
		B061189729956EFC00AB8CA4 /* FontContstants.swift */ = {isa = PBXFileReference; lastKnownFileType = sourcecode.swift; path = FontContstants.swift; sourceTree = "<group>"; };
		B073F95F29924EBB00F4D533 /* BookToBuyViewController.swift */ = {isa = PBXFileReference; lastKnownFileType = sourcecode.swift; path = BookToBuyViewController.swift; sourceTree = "<group>"; };
		B0AC06172993817D00979746 /* BookImageAPIService.swift */ = {isa = PBXFileReference; lastKnownFileType = sourcecode.swift; path = BookImageAPIService.swift; sourceTree = "<group>"; };
		B0AC06192993838C00979746 /* BookImageRequestResult.swift */ = {isa = PBXFileReference; lastKnownFileType = sourcecode.swift; path = BookImageRequestResult.swift; sourceTree = "<group>"; };
		B0AC061B2993935F00979746 /* CategoriesRepository.swift */ = {isa = PBXFileReference; lastKnownFileType = sourcecode.swift; path = CategoriesRepository.swift; sourceTree = "<group>"; };
		B0AC061D2993F9A800979746 /* BooksRepository.swift */ = {isa = PBXFileReference; lastKnownFileType = sourcecode.swift; path = BooksRepository.swift; sourceTree = "<group>"; };
		B0AC0620299502A500979746 /* NYTimesBooks.xcdatamodel */ = {isa = PBXFileReference; lastKnownFileType = wrapper.xcdatamodel; path = NYTimesBooks.xcdatamodel; sourceTree = "<group>"; };
		B0C8DFE029917DF3000BC306 /* UIViewController+showErrorAlert.swift */ = {isa = PBXFileReference; lastKnownFileType = sourcecode.swift; path = "UIViewController+showErrorAlert.swift"; sourceTree = "<group>"; };
		B0C8DFE429918463000BC306 /* BooksTableViewController.swift */ = {isa = PBXFileReference; lastKnownFileType = sourcecode.swift; path = BooksTableViewController.swift; sourceTree = "<group>"; };
		B0C8DFE6299185D6000BC306 /* BookTableViewCell.swift */ = {isa = PBXFileReference; lastKnownFileType = sourcecode.swift; path = BookTableViewCell.swift; sourceTree = "<group>"; };
		B0C8DFEB29919493000BC306 /* BooksViewModel.swift */ = {isa = PBXFileReference; lastKnownFileType = sourcecode.swift; path = BooksViewModel.swift; sourceTree = "<group>"; };
		B0D0BA14298EC2EF00B20EA6 /* NYTimesBooks.app */ = {isa = PBXFileReference; explicitFileType = wrapper.application; includeInIndex = 0; path = NYTimesBooks.app; sourceTree = BUILT_PRODUCTS_DIR; };
		B0D0BA17298EC2EF00B20EA6 /* AppDelegate.swift */ = {isa = PBXFileReference; lastKnownFileType = sourcecode.swift; path = AppDelegate.swift; sourceTree = "<group>"; };
		B0D0BA19298EC2EF00B20EA6 /* SceneDelegate.swift */ = {isa = PBXFileReference; lastKnownFileType = sourcecode.swift; path = SceneDelegate.swift; sourceTree = "<group>"; };
		B0D0BA23298EC2F100B20EA6 /* Assets.xcassets */ = {isa = PBXFileReference; lastKnownFileType = folder.assetcatalog; path = Assets.xcassets; sourceTree = "<group>"; };
		B0D0BA26298EC2F100B20EA6 /* Base */ = {isa = PBXFileReference; lastKnownFileType = file.storyboard; name = Base; path = Base.lproj/LaunchScreen.storyboard; sourceTree = "<group>"; };
		B0D0BA28298EC2F100B20EA6 /* Info.plist */ = {isa = PBXFileReference; lastKnownFileType = text.plist.xml; path = Info.plist; sourceTree = "<group>"; };
		B0D0BA2E298EC5E200B20EA6 /* CoreDataStack.swift */ = {isa = PBXFileReference; lastKnownFileType = sourcecode.swift; path = CoreDataStack.swift; sourceTree = "<group>"; };
		B0D0BA30298EC83600B20EA6 /* APIManagerProtocol.swift */ = {isa = PBXFileReference; lastKnownFileType = sourcecode.swift; path = APIManagerProtocol.swift; sourceTree = "<group>"; };
		B0D0BA36298ECC1100B20EA6 /* AlamofireAPIManager.swift */ = {isa = PBXFileReference; lastKnownFileType = sourcecode.swift; path = AlamofireAPIManager.swift; sourceTree = "<group>"; };
		B0D0BA3A298ED8EF00B20EA6 /* CategoryRequestResult.swift */ = {isa = PBXFileReference; lastKnownFileType = sourcecode.swift; path = CategoryRequestResult.swift; sourceTree = "<group>"; };
		B0D0BA3D298EDAC900B20EA6 /* Category.swift */ = {isa = PBXFileReference; lastKnownFileType = sourcecode.swift; path = Category.swift; sourceTree = "<group>"; };
		B0D0BA3F298EE1F800B20EA6 /* BookRequestResult.swift */ = {isa = PBXFileReference; lastKnownFileType = sourcecode.swift; path = BookRequestResult.swift; sourceTree = "<group>"; };
/* End PBXFileReference section */

/* Begin PBXFrameworksBuildPhase section */
		B0D0BA11298EC2EF00B20EA6 /* Frameworks */ = {
			isa = PBXFrameworksBuildPhase;
			buildActionMask = 2147483647;
			files = (
				B0C8DFEA29919136000BC306 /* Kingfisher in Frameworks */,
				B02734DC298FB87400BF07E4 /* RxSwift in Frameworks */,
				B02734DA298FB87400BF07E4 /* RxCocoa in Frameworks */,
				B0D0BA34298EC96000B20EA6 /* Alamofire in Frameworks */,
			);
			runOnlyForDeploymentPostprocessing = 0;
		};
/* End PBXFrameworksBuildPhase section */

/* Begin PBXGroup section */
		B02734CD298F959100BF07E4 /* APIModels */ = {
			isa = PBXGroup;
			children = (
				B0D0BA3A298ED8EF00B20EA6 /* CategoryRequestResult.swift */,
				B0D0BA3F298EE1F800B20EA6 /* BookRequestResult.swift */,
				B0AC06192993838C00979746 /* BookImageRequestResult.swift */,
			);
			path = APIModels;
			sourceTree = "<group>";
		};
		B02734DD298FB96A00BF07E4 /* ViewModels */ = {
			isa = PBXGroup;
			children = (
				B02734DE298FB98500BF07E4 /* CategoriesViewModel.swift */,
				B0C8DFEB29919493000BC306 /* BooksViewModel.swift */,
			);
			path = ViewModels;
			sourceTree = "<group>";
		};
		B02734E2298FC46400BF07E4 /* Views */ = {
			isa = PBXGroup;
			children = (
				B0C8DFE329918428000BC306 /* Books */,
				B0C8DFE22991841D000BC306 /* Categories */,
			);
			path = Views;
			sourceTree = "<group>";
		};
		B061189629955BBE00AB8CA4 /* Localization */ = {
			isa = PBXGroup;
			children = (
				B061189429955BA600AB8CA4 /* Localizable.strings */,
			);
			path = Localization;
			sourceTree = "<group>";
		};
		B06118992995717C00AB8CA4 /* Constants */ = {
			isa = PBXGroup;
			children = (
				B02734D4298F99C200BF07E4 /* APIConstants.swift */,
				B061189729956EFC00AB8CA4 /* FontContstants.swift */,
			);
			path = Constants;
			sourceTree = "<group>";
		};
		B061189A2995720C00AB8CA4 /* API Services */ = {
			isa = PBXGroup;
			children = (
				B02734D2298F980C00BF07E4 /* CategoriesAPIService.swift */,
				B02734D6298FAD3600BF07E4 /* BooksAPIService.swift */,
				B0AC06172993817D00979746 /* BookImageAPIService.swift */,
			);
			path = "API Services";
			sourceTree = "<group>";
		};
		B0C8DFE22991841D000BC306 /* Categories */ = {
			isa = PBXGroup;
			children = (
				B02734E0298FC45200BF07E4 /* CategoriesTableViewController.swift */,
				B02734E5298FCF9400BF07E4 /* CategoryTableViewCell.swift */,
			);
			path = Categories;
			sourceTree = "<group>";
		};
		B0C8DFE329918428000BC306 /* Books */ = {
			isa = PBXGroup;
			children = (
				B0C8DFE429918463000BC306 /* BooksTableViewController.swift */,
				B0C8DFE6299185D6000BC306 /* BookTableViewCell.swift */,
				B073F95F29924EBB00F4D533 /* BookToBuyViewController.swift */,
			);
			path = Books;
			sourceTree = "<group>";
		};
		B0D0BA0B298EC2EF00B20EA6 = {
			isa = PBXGroup;
			children = (
				B0D0BA16298EC2EF00B20EA6 /* NYTimesBooks */,
				B0D0BA15298EC2EF00B20EA6 /* Products */,
			);
			sourceTree = "<group>";
		};
		B0D0BA15298EC2EF00B20EA6 /* Products */ = {
			isa = PBXGroup;
			children = (
				B0D0BA14298EC2EF00B20EA6 /* NYTimesBooks.app */,
			);
			name = Products;
			sourceTree = "<group>";
		};
		B0D0BA16298EC2EF00B20EA6 /* NYTimesBooks */ = {
			isa = PBXGroup;
			children = (
				B061189629955BBE00AB8CA4 /* Localization */,
				B06118992995717C00AB8CA4 /* Constants */,
				B0D0BA17298EC2EF00B20EA6 /* AppDelegate.swift */,
				B0D0BA19298EC2EF00B20EA6 /* SceneDelegate.swift */,
				B0D0BA39298ECE6900B20EA6 /* Services */,
				B0D0BA3C298EDA8F00B20EA6 /* Models */,
				B02734E2298FC46400BF07E4 /* Views */,
				B02734DD298FB96A00BF07E4 /* ViewModels */,
				B0D0BA23298EC2F100B20EA6 /* Assets.xcassets */,
				B0D0BA25298EC2F100B20EA6 /* LaunchScreen.storyboard */,
				B0D0BA28298EC2F100B20EA6 /* Info.plist */,
				B0C8DFE029917DF3000BC306 /* UIViewController+showErrorAlert.swift */,
				B0AC061F299502A500979746 /* NYTimesBooks.xcdatamodeld */,
			);
			path = NYTimesBooks;
			sourceTree = "<group>";
		};
		B0D0BA38298ECD5C00B20EA6 /* API Manager */ = {
			isa = PBXGroup;
			children = (
				B0D0BA30298EC83600B20EA6 /* APIManagerProtocol.swift */,
				B0D0BA36298ECC1100B20EA6 /* AlamofireAPIManager.swift */,
			);
			path = "API Manager";
			sourceTree = "<group>";
		};
		B0D0BA39298ECE6900B20EA6 /* Services */ = {
			isa = PBXGroup;
			children = (
				B0D0BA2E298EC5E200B20EA6 /* CoreDataStack.swift */,
				B0D0BA38298ECD5C00B20EA6 /* API Manager */,
				B061189A2995720C00AB8CA4 /* API Services */,
				B0AC061B2993935F00979746 /* CategoriesRepository.swift */,
				B0AC061D2993F9A800979746 /* BooksRepository.swift */,
			);
			path = Services;
			sourceTree = "<group>";
		};
		B0D0BA3C298EDA8F00B20EA6 /* Models */ = {
			isa = PBXGroup;
			children = (
				B02734CD298F959100BF07E4 /* APIModels */,
				B0D0BA3D298EDAC900B20EA6 /* Category.swift */,
				B02734CB298F93CB00BF07E4 /* Book.swift */,
			);
			path = Models;
			sourceTree = "<group>";
		};
/* End PBXGroup section */

/* Begin PBXNativeTarget section */
		B0D0BA13298EC2EF00B20EA6 /* NYTimesBooks */ = {
			isa = PBXNativeTarget;
			buildConfigurationList = B0D0BA2B298EC2F100B20EA6 /* Build configuration list for PBXNativeTarget "NYTimesBooks" */;
			buildPhases = (
				B0D0BA10298EC2EF00B20EA6 /* Sources */,
				B0D0BA11298EC2EF00B20EA6 /* Frameworks */,
				B0D0BA12298EC2EF00B20EA6 /* Resources */,
				B0398B0C29A360CE008F1568 /* ShellScript */,
			);
			buildRules = (
			);
			dependencies = (
			);
			name = NYTimesBooks;
			packageProductDependencies = (
				B0D0BA33298EC96000B20EA6 /* Alamofire */,
				B02734D9298FB87400BF07E4 /* RxCocoa */,
				B02734DB298FB87400BF07E4 /* RxSwift */,
				B0C8DFE929919136000BC306 /* Kingfisher */,
			);
			productName = NYTimesBooks;
			productReference = B0D0BA14298EC2EF00B20EA6 /* NYTimesBooks.app */;
			productType = "com.apple.product-type.application";
		};
/* End PBXNativeTarget section */

/* Begin PBXProject section */
		B0D0BA0C298EC2EF00B20EA6 /* Project object */ = {
			isa = PBXProject;
			attributes = {
				BuildIndependentTargetsInParallel = 1;
				LastSwiftUpdateCheck = 1410;
				LastUpgradeCheck = 1410;
				TargetAttributes = {
					B0D0BA13298EC2EF00B20EA6 = {
						CreatedOnToolsVersion = 14.1;
					};
				};
			};
			buildConfigurationList = B0D0BA0F298EC2EF00B20EA6 /* Build configuration list for PBXProject "NYTimesBooks" */;
			compatibilityVersion = "Xcode 14.0";
			developmentRegion = en;
			hasScannedForEncodings = 0;
			knownRegions = (
				en,
				Base,
				uk,
			);
			mainGroup = B0D0BA0B298EC2EF00B20EA6;
			packageReferences = (
				B0D0BA32298EC96000B20EA6 /* XCRemoteSwiftPackageReference "Alamofire" */,
				B02734D8298FB87400BF07E4 /* XCRemoteSwiftPackageReference "RxSwift" */,
				B0C8DFE829919136000BC306 /* XCRemoteSwiftPackageReference "Kingfisher" */,
			);
			productRefGroup = B0D0BA15298EC2EF00B20EA6 /* Products */;
			projectDirPath = "";
			projectRoot = "";
			targets = (
				B0D0BA13298EC2EF00B20EA6 /* NYTimesBooks */,
			);
		};
/* End PBXProject section */

/* Begin PBXResourcesBuildPhase section */
		B0D0BA12298EC2EF00B20EA6 /* Resources */ = {
			isa = PBXResourcesBuildPhase;
			buildActionMask = 2147483647;
			files = (
				B0D0BA27298EC2F100B20EA6 /* LaunchScreen.storyboard in Resources */,
				B061189229955BA600AB8CA4 /* Localizable.strings in Resources */,
				B0D0BA24298EC2F100B20EA6 /* Assets.xcassets in Resources */,
			);
			runOnlyForDeploymentPostprocessing = 0;
		};
/* End PBXResourcesBuildPhase section */

/* Begin PBXShellScriptBuildPhase section */
		B0398B0C29A360CE008F1568 /* ShellScript */ = {
			isa = PBXShellScriptBuildPhase;
			buildActionMask = 2147483647;
			files = (
			);
			inputFileListPaths = (
			);
			inputPaths = (
			);
			outputFileListPaths = (
			);
			outputPaths = (
			);
			runOnlyForDeploymentPostprocessing = 0;
			shellPath = /bin/sh;
			shellScript = "export PATH=\"$PATH:/opt/homebrew/bin\"\nif which swiftlint > /dev/null; then\n  swiftlint\nelse\n  echo \"warning: SwiftLint not installed, download from https://github.com/realm/SwiftLint\"\n  exit 1\nfi\n";
		};
/* End PBXShellScriptBuildPhase section */

/* Begin PBXSourcesBuildPhase section */
		B0D0BA10298EC2EF00B20EA6 /* Sources */ = {
			isa = PBXSourcesBuildPhase;
			buildActionMask = 2147483647;
			files = (
				B0D0BA2F298EC5E200B20EA6 /* CoreDataStack.swift in Sources */,
				B0C8DFE529918463000BC306 /* BooksTableViewController.swift in Sources */,
				B0C8DFE129917DF3000BC306 /* UIViewController+showErrorAlert.swift in Sources */,
				B02734E1298FC45200BF07E4 /* CategoriesTableViewController.swift in Sources */,
				B02734CC298F93CC00BF07E4 /* Book.swift in Sources */,
				B0D0BA37298ECC1100B20EA6 /* AlamofireAPIManager.swift in Sources */,
				B073F96029924EBB00F4D533 /* BookToBuyViewController.swift in Sources */,
				B0C8DFE7299185D6000BC306 /* BookTableViewCell.swift in Sources */,
				B0AC0621299502A500979746 /* NYTimesBooks.xcdatamodeld in Sources */,
				B0AC061C2993935F00979746 /* CategoriesRepository.swift in Sources */,
				B0D0BA3B298ED8EF00B20EA6 /* CategoryRequestResult.swift in Sources */,
				B0D0BA40298EE1F800B20EA6 /* BookRequestResult.swift in Sources */,
				B02734DF298FB98500BF07E4 /* CategoriesViewModel.swift in Sources */,
				B02734D7298FAD3600BF07E4 /* BooksAPIService.swift in Sources */,
				B0AC06182993817D00979746 /* BookImageAPIService.swift in Sources */,
				B02734D5298F99C200BF07E4 /* APIConstants.swift in Sources */,
				B0C8DFEC29919493000BC306 /* BooksViewModel.swift in Sources */,
				B0D0BA3E298EDAC900B20EA6 /* Category.swift in Sources */,
				B0D0BA18298EC2EF00B20EA6 /* AppDelegate.swift in Sources */,
				B0D0BA31298EC83600B20EA6 /* APIManagerProtocol.swift in Sources */,
				B02734D3298F980C00BF07E4 /* CategoriesAPIService.swift in Sources */,
				B061189829956EFC00AB8CA4 /* FontContstants.swift in Sources */,
				B0D0BA1A298EC2EF00B20EA6 /* SceneDelegate.swift in Sources */,
				B0AC061E2993F9A800979746 /* BooksRepository.swift in Sources */,
				B0AC061A2993838C00979746 /* BookImageRequestResult.swift in Sources */,
				B02734E6298FCF9400BF07E4 /* CategoryTableViewCell.swift in Sources */,
			);
			runOnlyForDeploymentPostprocessing = 0;
		};
/* End PBXSourcesBuildPhase section */

/* Begin PBXVariantGroup section */
		B061189429955BA600AB8CA4 /* Localizable.strings */ = {
			isa = PBXVariantGroup;
			children = (
				B061189329955BA600AB8CA4 /* en */,
				B061189529955BA900AB8CA4 /* uk */,
			);
			name = Localizable.strings;
			sourceTree = "<group>";
		};
		B0D0BA25298EC2F100B20EA6 /* LaunchScreen.storyboard */ = {
			isa = PBXVariantGroup;
			children = (
				B0D0BA26298EC2F100B20EA6 /* Base */,
				B061188F2995470400AB8CA4 /* uk */,
			);
			name = LaunchScreen.storyboard;
			sourceTree = "<group>";
		};
/* End PBXVariantGroup section */

/* Begin XCBuildConfiguration section */
		B0D0BA29298EC2F100B20EA6 /* Debug */ = {
			isa = XCBuildConfiguration;
			buildSettings = {
				ALWAYS_SEARCH_USER_PATHS = NO;
				CLANG_ANALYZER_LOCALIZABILITY_NONLOCALIZED = YES;
				CLANG_ANALYZER_NONNULL = YES;
				CLANG_ANALYZER_NUMBER_OBJECT_CONVERSION = YES_AGGRESSIVE;
				CLANG_CXX_LANGUAGE_STANDARD = "gnu++20";
				CLANG_ENABLE_MODULES = YES;
				CLANG_ENABLE_OBJC_ARC = YES;
				CLANG_ENABLE_OBJC_WEAK = YES;
				CLANG_WARN_BLOCK_CAPTURE_AUTORELEASING = YES;
				CLANG_WARN_BOOL_CONVERSION = YES;
				CLANG_WARN_COMMA = YES;
				CLANG_WARN_CONSTANT_CONVERSION = YES;
				CLANG_WARN_DEPRECATED_OBJC_IMPLEMENTATIONS = YES;
				CLANG_WARN_DIRECT_OBJC_ISA_USAGE = YES_ERROR;
				CLANG_WARN_DOCUMENTATION_COMMENTS = YES;
				CLANG_WARN_EMPTY_BODY = YES;
				CLANG_WARN_ENUM_CONVERSION = YES;
				CLANG_WARN_INFINITE_RECURSION = YES;
				CLANG_WARN_INT_CONVERSION = YES;
				CLANG_WARN_NON_LITERAL_NULL_CONVERSION = YES;
				CLANG_WARN_OBJC_IMPLICIT_RETAIN_SELF = YES;
				CLANG_WARN_OBJC_LITERAL_CONVERSION = YES;
				CLANG_WARN_OBJC_ROOT_CLASS = YES_ERROR;
				CLANG_WARN_QUOTED_INCLUDE_IN_FRAMEWORK_HEADER = YES;
				CLANG_WARN_RANGE_LOOP_ANALYSIS = YES;
				CLANG_WARN_STRICT_PROTOTYPES = YES;
				CLANG_WARN_SUSPICIOUS_MOVE = YES;
				CLANG_WARN_UNGUARDED_AVAILABILITY = YES_AGGRESSIVE;
				CLANG_WARN_UNREACHABLE_CODE = YES;
				CLANG_WARN__DUPLICATE_METHOD_MATCH = YES;
				COPY_PHASE_STRIP = NO;
				DEBUG_INFORMATION_FORMAT = dwarf;
				ENABLE_STRICT_OBJC_MSGSEND = YES;
				ENABLE_TESTABILITY = YES;
				GCC_C_LANGUAGE_STANDARD = gnu11;
				GCC_DYNAMIC_NO_PIC = NO;
				GCC_NO_COMMON_BLOCKS = YES;
				GCC_OPTIMIZATION_LEVEL = 0;
				GCC_PREPROCESSOR_DEFINITIONS = (
					"DEBUG=1",
					"$(inherited)",
				);
				GCC_WARN_64_TO_32_BIT_CONVERSION = YES;
				GCC_WARN_ABOUT_RETURN_TYPE = YES_ERROR;
				GCC_WARN_UNDECLARED_SELECTOR = YES;
				GCC_WARN_UNINITIALIZED_AUTOS = YES_AGGRESSIVE;
				GCC_WARN_UNUSED_FUNCTION = YES;
				GCC_WARN_UNUSED_VARIABLE = YES;
				IPHONEOS_DEPLOYMENT_TARGET = 16.1;
				MTL_ENABLE_DEBUG_INFO = INCLUDE_SOURCE;
				MTL_FAST_MATH = YES;
				ONLY_ACTIVE_ARCH = YES;
				SDKROOT = iphoneos;
				SWIFT_ACTIVE_COMPILATION_CONDITIONS = DEBUG;
				SWIFT_OPTIMIZATION_LEVEL = "-Onone";
			};
			name = Debug;
		};
		B0D0BA2A298EC2F100B20EA6 /* Release */ = {
			isa = XCBuildConfiguration;
			buildSettings = {
				ALWAYS_SEARCH_USER_PATHS = NO;
				CLANG_ANALYZER_LOCALIZABILITY_NONLOCALIZED = YES;
				CLANG_ANALYZER_NONNULL = YES;
				CLANG_ANALYZER_NUMBER_OBJECT_CONVERSION = YES_AGGRESSIVE;
				CLANG_CXX_LANGUAGE_STANDARD = "gnu++20";
				CLANG_ENABLE_MODULES = YES;
				CLANG_ENABLE_OBJC_ARC = YES;
				CLANG_ENABLE_OBJC_WEAK = YES;
				CLANG_WARN_BLOCK_CAPTURE_AUTORELEASING = YES;
				CLANG_WARN_BOOL_CONVERSION = YES;
				CLANG_WARN_COMMA = YES;
				CLANG_WARN_CONSTANT_CONVERSION = YES;
				CLANG_WARN_DEPRECATED_OBJC_IMPLEMENTATIONS = YES;
				CLANG_WARN_DIRECT_OBJC_ISA_USAGE = YES_ERROR;
				CLANG_WARN_DOCUMENTATION_COMMENTS = YES;
				CLANG_WARN_EMPTY_BODY = YES;
				CLANG_WARN_ENUM_CONVERSION = YES;
				CLANG_WARN_INFINITE_RECURSION = YES;
				CLANG_WARN_INT_CONVERSION = YES;
				CLANG_WARN_NON_LITERAL_NULL_CONVERSION = YES;
				CLANG_WARN_OBJC_IMPLICIT_RETAIN_SELF = YES;
				CLANG_WARN_OBJC_LITERAL_CONVERSION = YES;
				CLANG_WARN_OBJC_ROOT_CLASS = YES_ERROR;
				CLANG_WARN_QUOTED_INCLUDE_IN_FRAMEWORK_HEADER = YES;
				CLANG_WARN_RANGE_LOOP_ANALYSIS = YES;
				CLANG_WARN_STRICT_PROTOTYPES = YES;
				CLANG_WARN_SUSPICIOUS_MOVE = YES;
				CLANG_WARN_UNGUARDED_AVAILABILITY = YES_AGGRESSIVE;
				CLANG_WARN_UNREACHABLE_CODE = YES;
				CLANG_WARN__DUPLICATE_METHOD_MATCH = YES;
				COPY_PHASE_STRIP = NO;
				DEBUG_INFORMATION_FORMAT = "dwarf-with-dsym";
				ENABLE_NS_ASSERTIONS = NO;
				ENABLE_STRICT_OBJC_MSGSEND = YES;
				GCC_C_LANGUAGE_STANDARD = gnu11;
				GCC_NO_COMMON_BLOCKS = YES;
				GCC_WARN_64_TO_32_BIT_CONVERSION = YES;
				GCC_WARN_ABOUT_RETURN_TYPE = YES_ERROR;
				GCC_WARN_UNDECLARED_SELECTOR = YES;
				GCC_WARN_UNINITIALIZED_AUTOS = YES_AGGRESSIVE;
				GCC_WARN_UNUSED_FUNCTION = YES;
				GCC_WARN_UNUSED_VARIABLE = YES;
				IPHONEOS_DEPLOYMENT_TARGET = 16.1;
				MTL_ENABLE_DEBUG_INFO = NO;
				MTL_FAST_MATH = YES;
				SDKROOT = iphoneos;
				SWIFT_COMPILATION_MODE = wholemodule;
				SWIFT_OPTIMIZATION_LEVEL = "-O";
				VALIDATE_PRODUCT = YES;
			};
			name = Release;
		};
		B0D0BA2C298EC2F100B20EA6 /* Debug */ = {
			isa = XCBuildConfiguration;
			buildSettings = {
				ASSETCATALOG_COMPILER_APPICON_NAME = AppIcon;
				ASSETCATALOG_COMPILER_GLOBAL_ACCENT_COLOR_NAME = AccentColor;
				CODE_SIGN_STYLE = Automatic;
				CURRENT_PROJECT_VERSION = 1;
				DEVELOPMENT_TEAM = HU4P8J2639;
				GENERATE_INFOPLIST_FILE = YES;
				INFOPLIST_FILE = NYTimesBooks/Info.plist;
				INFOPLIST_KEY_UIApplicationSupportsIndirectInputEvents = YES;
				INFOPLIST_KEY_UILaunchStoryboardName = LaunchScreen;
				INFOPLIST_KEY_UISupportedInterfaceOrientations = UIInterfaceOrientationPortrait;
				LD_RUNPATH_SEARCH_PATHS = (
					"$(inherited)",
					"@executable_path/Frameworks",
				);
				MARKETING_VERSION = 1.0;
				PRODUCT_BUNDLE_IDENTIFIER = com.mefisto.NYTimesBooks;
				PRODUCT_NAME = "$(TARGET_NAME)";
				SUPPORTED_PLATFORMS = "iphoneos iphonesimulator";
				SUPPORTS_MACCATALYST = NO;
				SUPPORTS_MAC_DESIGNED_FOR_IPHONE_IPAD = NO;
				SWIFT_EMIT_LOC_STRINGS = YES;
				SWIFT_VERSION = 5.0;
				TARGETED_DEVICE_FAMILY = 1;
			};
			name = Debug;
		};
		B0D0BA2D298EC2F100B20EA6 /* Release */ = {
			isa = XCBuildConfiguration;
			buildSettings = {
				ASSETCATALOG_COMPILER_APPICON_NAME = AppIcon;
				ASSETCATALOG_COMPILER_GLOBAL_ACCENT_COLOR_NAME = AccentColor;
				CODE_SIGN_STYLE = Automatic;
				CURRENT_PROJECT_VERSION = 1;
				DEVELOPMENT_TEAM = HU4P8J2639;
				GENERATE_INFOPLIST_FILE = YES;
				INFOPLIST_FILE = NYTimesBooks/Info.plist;
				INFOPLIST_KEY_UIApplicationSupportsIndirectInputEvents = YES;
				INFOPLIST_KEY_UILaunchStoryboardName = LaunchScreen;
				INFOPLIST_KEY_UISupportedInterfaceOrientations = UIInterfaceOrientationPortrait;
				LD_RUNPATH_SEARCH_PATHS = (
					"$(inherited)",
					"@executable_path/Frameworks",
				);
				MARKETING_VERSION = 1.0;
				PRODUCT_BUNDLE_IDENTIFIER = com.mefisto.NYTimesBooks;
				PRODUCT_NAME = "$(TARGET_NAME)";
				SUPPORTED_PLATFORMS = "iphoneos iphonesimulator";
				SUPPORTS_MACCATALYST = NO;
				SUPPORTS_MAC_DESIGNED_FOR_IPHONE_IPAD = NO;
				SWIFT_EMIT_LOC_STRINGS = YES;
				SWIFT_VERSION = 5.0;
				TARGETED_DEVICE_FAMILY = 1;
			};
			name = Release;
		};
/* End XCBuildConfiguration section */

/* Begin XCConfigurationList section */
		B0D0BA0F298EC2EF00B20EA6 /* Build configuration list for PBXProject "NYTimesBooks" */ = {
			isa = XCConfigurationList;
			buildConfigurations = (
				B0D0BA29298EC2F100B20EA6 /* Debug */,
				B0D0BA2A298EC2F100B20EA6 /* Release */,
			);
			defaultConfigurationIsVisible = 0;
			defaultConfigurationName = Release;
		};
		B0D0BA2B298EC2F100B20EA6 /* Build configuration list for PBXNativeTarget "NYTimesBooks" */ = {
			isa = XCConfigurationList;
			buildConfigurations = (
				B0D0BA2C298EC2F100B20EA6 /* Debug */,
				B0D0BA2D298EC2F100B20EA6 /* Release */,
			);
			defaultConfigurationIsVisible = 0;
			defaultConfigurationName = Release;
		};
/* End XCConfigurationList section */

/* Begin XCRemoteSwiftPackageReference section */
		B02734D8298FB87400BF07E4 /* XCRemoteSwiftPackageReference "RxSwift" */ = {
			isa = XCRemoteSwiftPackageReference;
			repositoryURL = "https://github.com/ReactiveX/RxSwift";
			requirement = {
				branch = main;
				kind = branch;
			};
		};
		B0C8DFE829919136000BC306 /* XCRemoteSwiftPackageReference "Kingfisher" */ = {
			isa = XCRemoteSwiftPackageReference;
			repositoryURL = "https://github.com/onevcat/Kingfisher";
			requirement = {
				kind = upToNextMajorVersion;
				minimumVersion = 7.0.0;
			};
		};
		B0D0BA32298EC96000B20EA6 /* XCRemoteSwiftPackageReference "Alamofire" */ = {
			isa = XCRemoteSwiftPackageReference;
			repositoryURL = "https://github.com/Alamofire/Alamofire.git";
			requirement = {
				branch = master;
				kind = branch;
			};
		};
/* End XCRemoteSwiftPackageReference section */

/* Begin XCSwiftPackageProductDependency section */
		B02734D9298FB87400BF07E4 /* RxCocoa */ = {
			isa = XCSwiftPackageProductDependency;
			package = B02734D8298FB87400BF07E4 /* XCRemoteSwiftPackageReference "RxSwift" */;
			productName = RxCocoa;
		};
		B02734DB298FB87400BF07E4 /* RxSwift */ = {
			isa = XCSwiftPackageProductDependency;
			package = B02734D8298FB87400BF07E4 /* XCRemoteSwiftPackageReference "RxSwift" */;
			productName = RxSwift;
		};
		B0C8DFE929919136000BC306 /* Kingfisher */ = {
			isa = XCSwiftPackageProductDependency;
			package = B0C8DFE829919136000BC306 /* XCRemoteSwiftPackageReference "Kingfisher" */;
			productName = Kingfisher;
		};
		B0D0BA33298EC96000B20EA6 /* Alamofire */ = {
			isa = XCSwiftPackageProductDependency;
			package = B0D0BA32298EC96000B20EA6 /* XCRemoteSwiftPackageReference "Alamofire" */;
			productName = Alamofire;
		};
/* End XCSwiftPackageProductDependency section */

/* Begin XCVersionGroup section */
		B0AC061F299502A500979746 /* NYTimesBooks.xcdatamodeld */ = {
			isa = XCVersionGroup;
			children = (
				B0AC0620299502A500979746 /* NYTimesBooks.xcdatamodel */,
			);
			currentVersion = B0AC0620299502A500979746 /* NYTimesBooks.xcdatamodel */;
			path = NYTimesBooks.xcdatamodeld;
			sourceTree = "<group>";
			versionGroupType = wrapper.xcdatamodel;
		};
/* End XCVersionGroup section */
	};
	rootObject = B0D0BA0C298EC2EF00B20EA6 /* Project object */;
}
